// !$*UTF8*$!
{
	archiveVersion = 1;
	classes = {
	};
	objectVersion = 51;
	objects = {

/* Begin PBXBuildFile section */
		1512068EA16579168E4EBC2D /* Pods_LTKA_iOSTests.framework in Frameworks */ = {isa = PBXBuildFile; fileRef = 84417384C70C47A309AAFDDD /* Pods_LTKA_iOSTests.framework */; };
		6612F152263F0B28006ED45C /* BillTableViewCell.m in Sources */ = {isa = PBXBuildFile; fileRef = 6612F151263F0B28006ED45C /* BillTableViewCell.m */; };
		6612F15626417ECE006ED45C /* DataArrayGetter.m in Sources */ = {isa = PBXBuildFile; fileRef = 6612F15526417ECE006ED45C /* DataArrayGetter.m */; };
		6612F15A2646B3E0006ED45C /* LTKAContext.m in Sources */ = {isa = PBXBuildFile; fileRef = 6612F1592646B3E0006ED45C /* LTKAContext.m */; };
		6612F15D2646B59A006ED45C /* User.m in Sources */ = {isa = PBXBuildFile; fileRef = 6612F15C2646B59A006ED45C /* User.m */; };
		6612F1622646EA83006ED45C /* HttpService.m in Sources */ = {isa = PBXBuildFile; fileRef = 6612F1612646EA83006ED45C /* HttpService.m */; };
		6612F1672646F5CA006ED45C /* RegisterViewController.m in Sources */ = {isa = PBXBuildFile; fileRef = 6612F1662646F5CA006ED45C /* RegisterViewController.m */; };
		6612F16A26470C8F006ED45C /* MineViewController.m in Sources */ = {isa = PBXBuildFile; fileRef = 6612F16926470C8F006ED45C /* MineViewController.m */; };
		662FB4F1264FE46A00D568D8 /* JoinLedgerViewController.m in Sources */ = {isa = PBXBuildFile; fileRef = 662FB4F0264FE46A00D568D8 /* JoinLedgerViewController.m */; };
		662FB4F4264FF2A300D568D8 /* AddBillViewController.m in Sources */ = {isa = PBXBuildFile; fileRef = 662FB4F3264FF2A300D568D8 /* AddBillViewController.m */; };
		662FB4F72651059400D568D8 /* ShowBillViewController.m in Sources */ = {isa = PBXBuildFile; fileRef = 662FB4F62651059400D568D8 /* ShowBillViewController.m */; };
		662FB4FA265139AB00D568D8 /* FindBillViewController.m in Sources */ = {isa = PBXBuildFile; fileRef = 662FB4F9265139AB00D568D8 /* FindBillViewController.m */; };
		662FB4FD26514B7200D568D8 /* ModifyUserViewController.m in Sources */ = {isa = PBXBuildFile; fileRef = 662FB4FC26514B7200D568D8 /* ModifyUserViewController.m */; };
		662FB50126525CD100D568D8 /* PropertyViewController.m in Sources */ = {isa = PBXBuildFile; fileRef = 662FB50026525CD100D568D8 /* PropertyViewController.m */; };
		6679703F2609C05D00EA4D13 /* KeepAccountsViewController.m in Sources */ = {isa = PBXBuildFile; fileRef = 6679703E2609C05D00EA4D13 /* KeepAccountsViewController.m */; };
		66797046260DDC4F00EA4D13 /* Bill.m in Sources */ = {isa = PBXBuildFile; fileRef = 66797045260DDC4F00EA4D13 /* Bill.m */; };
		6679704F261EDC9100EA4D13 /* BillGroup.m in Sources */ = {isa = PBXBuildFile; fileRef = 6679704E261EDC9100EA4D13 /* BillGroup.m */; };
		66797056261EE8E000EA4D13 /* TimeGetter.m in Sources */ = {isa = PBXBuildFile; fileRef = 66797055261EE8E000EA4D13 /* TimeGetter.m */; };
		66D40C752603057F00FC76E2 /* AppDelegate.m in Sources */ = {isa = PBXBuildFile; fileRef = 66D40C742603057F00FC76E2 /* AppDelegate.m */; };
		66D40C782603057F00FC76E2 /* SceneDelegate.m in Sources */ = {isa = PBXBuildFile; fileRef = 66D40C772603057F00FC76E2 /* SceneDelegate.m */; };
		66D40C7B2603057F00FC76E2 /* ViewController.m in Sources */ = {isa = PBXBuildFile; fileRef = 66D40C7A2603057F00FC76E2 /* ViewController.m */; };
		66D40C7E2603057F00FC76E2 /* Main.storyboard in Resources */ = {isa = PBXBuildFile; fileRef = 66D40C7C2603057F00FC76E2 /* Main.storyboard */; };
		66D40C802603058100FC76E2 /* Assets.xcassets in Resources */ = {isa = PBXBuildFile; fileRef = 66D40C7F2603058100FC76E2 /* Assets.xcassets */; };
		66D40C832603058100FC76E2 /* LaunchScreen.storyboard in Resources */ = {isa = PBXBuildFile; fileRef = 66D40C812603058100FC76E2 /* LaunchScreen.storyboard */; };
		66D40C862603058100FC76E2 /* main.m in Sources */ = {isa = PBXBuildFile; fileRef = 66D40C852603058100FC76E2 /* main.m */; };
		66D40C902603058100FC76E2 /* LTKA_iOSTests.m in Sources */ = {isa = PBXBuildFile; fileRef = 66D40C8F2603058100FC76E2 /* LTKA_iOSTests.m */; };
		66D40C9B2603058100FC76E2 /* LTKA_iOSUITests.m in Sources */ = {isa = PBXBuildFile; fileRef = 66D40C9A2603058100FC76E2 /* LTKA_iOSUITests.m */; };
		8DED0D13272FEDDB0AAAAD69 /* Pods_LTKA_iOS.framework in Frameworks */ = {isa = PBXBuildFile; fileRef = 5A386D154AC61A530C790782 /* Pods_LTKA_iOS.framework */; };
		F8E8798FAEC3D22BA52EABBD /* Pods_LTKA_iOS_LTKA_iOSUITests.framework in Frameworks */ = {isa = PBXBuildFile; fileRef = D5BCF4BA3E4DC7DF96ACBECE /* Pods_LTKA_iOS_LTKA_iOSUITests.framework */; };
/* End PBXBuildFile section */

/* Begin PBXContainerItemProxy section */
		66D40C8C2603058100FC76E2 /* PBXContainerItemProxy */ = {
			isa = PBXContainerItemProxy;
			containerPortal = 66D40C682603057F00FC76E2 /* Project object */;
			proxyType = 1;
			remoteGlobalIDString = 66D40C6F2603057F00FC76E2;
			remoteInfo = LTKA_iOS;
		};
		66D40C972603058100FC76E2 /* PBXContainerItemProxy */ = {
			isa = PBXContainerItemProxy;
			containerPortal = 66D40C682603057F00FC76E2 /* Project object */;
			proxyType = 1;
			remoteGlobalIDString = 66D40C6F2603057F00FC76E2;
			remoteInfo = LTKA_iOS;
		};
/* End PBXContainerItemProxy section */

/* Begin PBXFileReference section */
		0F945D60195C322FD141C7B4 /* Pods-LTKA_iOSTests.debug.xcconfig */ = {isa = PBXFileReference; includeInIndex = 1; lastKnownFileType = text.xcconfig; name = "Pods-LTKA_iOSTests.debug.xcconfig"; path = "Target Support Files/Pods-LTKA_iOSTests/Pods-LTKA_iOSTests.debug.xcconfig"; sourceTree = "<group>"; };
		2BF54416307DB71F1D814889 /* Pods-LTKA_iOS.debug.xcconfig */ = {isa = PBXFileReference; includeInIndex = 1; lastKnownFileType = text.xcconfig; name = "Pods-LTKA_iOS.debug.xcconfig"; path = "Target Support Files/Pods-LTKA_iOS/Pods-LTKA_iOS.debug.xcconfig"; sourceTree = "<group>"; };
		4080790120F61850D0CBBFDD /* Pods-LTKA_iOS-LTKA_iOSUITests.debug.xcconfig */ = {isa = PBXFileReference; includeInIndex = 1; lastKnownFileType = text.xcconfig; name = "Pods-LTKA_iOS-LTKA_iOSUITests.debug.xcconfig"; path = "Target Support Files/Pods-LTKA_iOS-LTKA_iOSUITests/Pods-LTKA_iOS-LTKA_iOSUITests.debug.xcconfig"; sourceTree = "<group>"; };
		410A4378A3272B31E25CCE79 /* Pods-LTKA_iOSTests.release.xcconfig */ = {isa = PBXFileReference; includeInIndex = 1; lastKnownFileType = text.xcconfig; name = "Pods-LTKA_iOSTests.release.xcconfig"; path = "Target Support Files/Pods-LTKA_iOSTests/Pods-LTKA_iOSTests.release.xcconfig"; sourceTree = "<group>"; };
		47F858D8F590ADF23EBEB415 /* Pods-LTKA_iOS-LTKA_iOSUITests.release.xcconfig */ = {isa = PBXFileReference; includeInIndex = 1; lastKnownFileType = text.xcconfig; name = "Pods-LTKA_iOS-LTKA_iOSUITests.release.xcconfig"; path = "Target Support Files/Pods-LTKA_iOS-LTKA_iOSUITests/Pods-LTKA_iOS-LTKA_iOSUITests.release.xcconfig"; sourceTree = "<group>"; };
		5A386D154AC61A530C790782 /* Pods_LTKA_iOS.framework */ = {isa = PBXFileReference; explicitFileType = wrapper.framework; includeInIndex = 0; path = Pods_LTKA_iOS.framework; sourceTree = BUILT_PRODUCTS_DIR; };
		6612F150263F0B28006ED45C /* BillTableViewCell.h */ = {isa = PBXFileReference; lastKnownFileType = sourcecode.c.h; path = BillTableViewCell.h; sourceTree = "<group>"; };
		6612F151263F0B28006ED45C /* BillTableViewCell.m */ = {isa = PBXFileReference; lastKnownFileType = sourcecode.c.objc; path = BillTableViewCell.m; sourceTree = "<group>"; };
		6612F15426417ECE006ED45C /* DataArrayGetter.h */ = {isa = PBXFileReference; lastKnownFileType = sourcecode.c.h; path = DataArrayGetter.h; sourceTree = "<group>"; };
		6612F15526417ECE006ED45C /* DataArrayGetter.m */ = {isa = PBXFileReference; lastKnownFileType = sourcecode.c.objc; path = DataArrayGetter.m; sourceTree = "<group>"; };
		6612F1582646B3E0006ED45C /* LTKAContext.h */ = {isa = PBXFileReference; lastKnownFileType = sourcecode.c.h; path = LTKAContext.h; sourceTree = "<group>"; };
		6612F1592646B3E0006ED45C /* LTKAContext.m */ = {isa = PBXFileReference; lastKnownFileType = sourcecode.c.objc; path = LTKAContext.m; sourceTree = "<group>"; };
		6612F15B2646B59A006ED45C /* User.h */ = {isa = PBXFileReference; lastKnownFileType = sourcecode.c.h; path = User.h; sourceTree = "<group>"; };
		6612F15C2646B59A006ED45C /* User.m */ = {isa = PBXFileReference; lastKnownFileType = sourcecode.c.objc; path = User.m; sourceTree = "<group>"; };
		6612F1602646EA83006ED45C /* HttpService.h */ = {isa = PBXFileReference; lastKnownFileType = sourcecode.c.h; path = HttpService.h; sourceTree = "<group>"; };
		6612F1612646EA83006ED45C /* HttpService.m */ = {isa = PBXFileReference; lastKnownFileType = sourcecode.c.objc; path = HttpService.m; sourceTree = "<group>"; };
		6612F1652646F5CA006ED45C /* RegisterViewController.h */ = {isa = PBXFileReference; lastKnownFileType = sourcecode.c.h; path = RegisterViewController.h; sourceTree = "<group>"; };
		6612F1662646F5CA006ED45C /* RegisterViewController.m */ = {isa = PBXFileReference; lastKnownFileType = sourcecode.c.objc; path = RegisterViewController.m; sourceTree = "<group>"; };
		6612F16826470C8F006ED45C /* MineViewController.h */ = {isa = PBXFileReference; lastKnownFileType = sourcecode.c.h; path = MineViewController.h; sourceTree = "<group>"; };
		6612F16926470C8F006ED45C /* MineViewController.m */ = {isa = PBXFileReference; lastKnownFileType = sourcecode.c.objc; path = MineViewController.m; sourceTree = "<group>"; };
		662FB4EF264FE46A00D568D8 /* JoinLedgerViewController.h */ = {isa = PBXFileReference; lastKnownFileType = sourcecode.c.h; path = JoinLedgerViewController.h; sourceTree = "<group>"; };
		662FB4F0264FE46A00D568D8 /* JoinLedgerViewController.m */ = {isa = PBXFileReference; lastKnownFileType = sourcecode.c.objc; path = JoinLedgerViewController.m; sourceTree = "<group>"; };
		662FB4F2264FF2A300D568D8 /* AddBillViewController.h */ = {isa = PBXFileReference; lastKnownFileType = sourcecode.c.h; path = AddBillViewController.h; sourceTree = "<group>"; };
		662FB4F3264FF2A300D568D8 /* AddBillViewController.m */ = {isa = PBXFileReference; lastKnownFileType = sourcecode.c.objc; path = AddBillViewController.m; sourceTree = "<group>"; };
		662FB4F52651059400D568D8 /* ShowBillViewController.h */ = {isa = PBXFileReference; lastKnownFileType = sourcecode.c.h; path = ShowBillViewController.h; sourceTree = "<group>"; };
		662FB4F62651059400D568D8 /* ShowBillViewController.m */ = {isa = PBXFileReference; lastKnownFileType = sourcecode.c.objc; path = ShowBillViewController.m; sourceTree = "<group>"; };
		662FB4F8265139AB00D568D8 /* FindBillViewController.h */ = {isa = PBXFileReference; lastKnownFileType = sourcecode.c.h; path = FindBillViewController.h; sourceTree = "<group>"; };
		662FB4F9265139AB00D568D8 /* FindBillViewController.m */ = {isa = PBXFileReference; lastKnownFileType = sourcecode.c.objc; path = FindBillViewController.m; sourceTree = "<group>"; };
		662FB4FB26514B7200D568D8 /* ModifyUserViewController.h */ = {isa = PBXFileReference; lastKnownFileType = sourcecode.c.h; path = ModifyUserViewController.h; sourceTree = "<group>"; };
		662FB4FC26514B7200D568D8 /* ModifyUserViewController.m */ = {isa = PBXFileReference; lastKnownFileType = sourcecode.c.objc; path = ModifyUserViewController.m; sourceTree = "<group>"; };
		662FB4FF26525CD100D568D8 /* PropertyViewController.h */ = {isa = PBXFileReference; lastKnownFileType = sourcecode.c.h; path = PropertyViewController.h; sourceTree = "<group>"; };
		662FB50026525CD100D568D8 /* PropertyViewController.m */ = {isa = PBXFileReference; lastKnownFileType = sourcecode.c.objc; path = PropertyViewController.m; sourceTree = "<group>"; };
		6679703D2609C05D00EA4D13 /* KeepAccountsViewController.h */ = {isa = PBXFileReference; lastKnownFileType = sourcecode.c.h; path = KeepAccountsViewController.h; sourceTree = "<group>"; };
		6679703E2609C05D00EA4D13 /* KeepAccountsViewController.m */ = {isa = PBXFileReference; lastKnownFileType = sourcecode.c.objc; path = KeepAccountsViewController.m; sourceTree = "<group>"; };
		66797044260DDC4F00EA4D13 /* Bill.h */ = {isa = PBXFileReference; lastKnownFileType = sourcecode.c.h; path = Bill.h; sourceTree = "<group>"; };
		66797045260DDC4F00EA4D13 /* Bill.m */ = {isa = PBXFileReference; lastKnownFileType = sourcecode.c.objc; path = Bill.m; sourceTree = "<group>"; };
		6679704D261EDC9100EA4D13 /* BillGroup.h */ = {isa = PBXFileReference; lastKnownFileType = sourcecode.c.h; path = BillGroup.h; sourceTree = "<group>"; };
		6679704E261EDC9100EA4D13 /* BillGroup.m */ = {isa = PBXFileReference; lastKnownFileType = sourcecode.c.objc; path = BillGroup.m; sourceTree = "<group>"; };
		66797054261EE8E000EA4D13 /* TimeGetter.h */ = {isa = PBXFileReference; lastKnownFileType = sourcecode.c.h; path = TimeGetter.h; sourceTree = "<group>"; };
		66797055261EE8E000EA4D13 /* TimeGetter.m */ = {isa = PBXFileReference; lastKnownFileType = sourcecode.c.objc; path = TimeGetter.m; sourceTree = "<group>"; };
		66D40C702603057F00FC76E2 /* LTKA_iOS.app */ = {isa = PBXFileReference; explicitFileType = wrapper.application; includeInIndex = 0; path = LTKA_iOS.app; sourceTree = BUILT_PRODUCTS_DIR; };
		66D40C732603057F00FC76E2 /* AppDelegate.h */ = {isa = PBXFileReference; lastKnownFileType = sourcecode.c.h; path = AppDelegate.h; sourceTree = "<group>"; };
		66D40C742603057F00FC76E2 /* AppDelegate.m */ = {isa = PBXFileReference; lastKnownFileType = sourcecode.c.objc; path = AppDelegate.m; sourceTree = "<group>"; };
		66D40C762603057F00FC76E2 /* SceneDelegate.h */ = {isa = PBXFileReference; lastKnownFileType = sourcecode.c.h; path = SceneDelegate.h; sourceTree = "<group>"; };
		66D40C772603057F00FC76E2 /* SceneDelegate.m */ = {isa = PBXFileReference; lastKnownFileType = sourcecode.c.objc; path = SceneDelegate.m; sourceTree = "<group>"; };
		66D40C792603057F00FC76E2 /* ViewController.h */ = {isa = PBXFileReference; lastKnownFileType = sourcecode.c.h; path = ViewController.h; sourceTree = "<group>"; };
		66D40C7A2603057F00FC76E2 /* ViewController.m */ = {isa = PBXFileReference; lastKnownFileType = sourcecode.c.objc; path = ViewController.m; sourceTree = "<group>"; };
		66D40C7D2603057F00FC76E2 /* Base */ = {isa = PBXFileReference; lastKnownFileType = file.storyboard; name = Base; path = Base.lproj/Main.storyboard; sourceTree = "<group>"; };
		66D40C7F2603058100FC76E2 /* Assets.xcassets */ = {isa = PBXFileReference; lastKnownFileType = folder.assetcatalog; path = Assets.xcassets; sourceTree = "<group>"; };
		66D40C822603058100FC76E2 /* Base */ = {isa = PBXFileReference; lastKnownFileType = file.storyboard; name = Base; path = Base.lproj/LaunchScreen.storyboard; sourceTree = "<group>"; };
		66D40C842603058100FC76E2 /* Info.plist */ = {isa = PBXFileReference; lastKnownFileType = text.plist.xml; path = Info.plist; sourceTree = "<group>"; };
		66D40C852603058100FC76E2 /* main.m */ = {isa = PBXFileReference; lastKnownFileType = sourcecode.c.objc; path = main.m; sourceTree = "<group>"; };
		66D40C8B2603058100FC76E2 /* LTKA_iOSTests.xctest */ = {isa = PBXFileReference; explicitFileType = wrapper.cfbundle; includeInIndex = 0; path = LTKA_iOSTests.xctest; sourceTree = BUILT_PRODUCTS_DIR; };
		66D40C8F2603058100FC76E2 /* LTKA_iOSTests.m */ = {isa = PBXFileReference; lastKnownFileType = sourcecode.c.objc; path = LTKA_iOSTests.m; sourceTree = "<group>"; };
		66D40C912603058100FC76E2 /* Info.plist */ = {isa = PBXFileReference; lastKnownFileType = text.plist.xml; path = Info.plist; sourceTree = "<group>"; };
		66D40C962603058100FC76E2 /* LTKA_iOSUITests.xctest */ = {isa = PBXFileReference; explicitFileType = wrapper.cfbundle; includeInIndex = 0; path = LTKA_iOSUITests.xctest; sourceTree = BUILT_PRODUCTS_DIR; };
		66D40C9A2603058100FC76E2 /* LTKA_iOSUITests.m */ = {isa = PBXFileReference; lastKnownFileType = sourcecode.c.objc; path = LTKA_iOSUITests.m; sourceTree = "<group>"; };
		66D40C9C2603058100FC76E2 /* Info.plist */ = {isa = PBXFileReference; lastKnownFileType = text.plist.xml; path = Info.plist; sourceTree = "<group>"; };
		7F137EE9FB4DD73E1E624D9C /* Pods-LTKA_iOS.release.xcconfig */ = {isa = PBXFileReference; includeInIndex = 1; lastKnownFileType = text.xcconfig; name = "Pods-LTKA_iOS.release.xcconfig"; path = "Target Support Files/Pods-LTKA_iOS/Pods-LTKA_iOS.release.xcconfig"; sourceTree = "<group>"; };
		84417384C70C47A309AAFDDD /* Pods_LTKA_iOSTests.framework */ = {isa = PBXFileReference; explicitFileType = wrapper.framework; includeInIndex = 0; path = Pods_LTKA_iOSTests.framework; sourceTree = BUILT_PRODUCTS_DIR; };
		D5BCF4BA3E4DC7DF96ACBECE /* Pods_LTKA_iOS_LTKA_iOSUITests.framework */ = {isa = PBXFileReference; explicitFileType = wrapper.framework; includeInIndex = 0; path = Pods_LTKA_iOS_LTKA_iOSUITests.framework; sourceTree = BUILT_PRODUCTS_DIR; };
/* End PBXFileReference section */

/* Begin PBXFrameworksBuildPhase section */
		66D40C6D2603057F00FC76E2 /* Frameworks */ = {
			isa = PBXFrameworksBuildPhase;
			buildActionMask = 2147483647;
			files = (
				8DED0D13272FEDDB0AAAAD69 /* Pods_LTKA_iOS.framework in Frameworks */,
			);
			runOnlyForDeploymentPostprocessing = 0;
		};
		66D40C882603058100FC76E2 /* Frameworks */ = {
			isa = PBXFrameworksBuildPhase;
			buildActionMask = 2147483647;
			files = (
				1512068EA16579168E4EBC2D /* Pods_LTKA_iOSTests.framework in Frameworks */,
			);
			runOnlyForDeploymentPostprocessing = 0;
		};
		66D40C932603058100FC76E2 /* Frameworks */ = {
			isa = PBXFrameworksBuildPhase;
			buildActionMask = 2147483647;
			files = (
				F8E8798FAEC3D22BA52EABBD /* Pods_LTKA_iOS_LTKA_iOSUITests.framework in Frameworks */,
			);
			runOnlyForDeploymentPostprocessing = 0;
		};
/* End PBXFrameworksBuildPhase section */

/* Begin PBXGroup section */
		2F4ADF7405E284F37F7B0AB2 /* Frameworks */ = {
			isa = PBXGroup;
			children = (
				5A386D154AC61A530C790782 /* Pods_LTKA_iOS.framework */,
				D5BCF4BA3E4DC7DF96ACBECE /* Pods_LTKA_iOS_LTKA_iOSUITests.framework */,
				84417384C70C47A309AAFDDD /* Pods_LTKA_iOSTests.framework */,
			);
			name = Frameworks;
			sourceTree = "<group>";
		};
		6612F153263F0B44006ED45C /* Cell */ = {
			isa = PBXGroup;
			children = (
				6612F150263F0B28006ED45C /* BillTableViewCell.h */,
				6612F151263F0B28006ED45C /* BillTableViewCell.m */,
			);
			path = Cell;
			sourceTree = "<group>";
		};
		6612F15E2646DBA4006ED45C /* MineModule */ = {
			isa = PBXGroup;
			children = (
				6612F1642646F5AA006ED45C /* ViewController */,
				6612F16826470C8F006ED45C /* MineViewController.h */,
				6612F16926470C8F006ED45C /* MineViewController.m */,
			);
			path = MineModule;
			sourceTree = "<group>";
		};
		6612F1642646F5AA006ED45C /* ViewController */ = {
			isa = PBXGroup;
			children = (
				6612F1652646F5CA006ED45C /* RegisterViewController.h */,
				6612F1662646F5CA006ED45C /* RegisterViewController.m */,
				662FB4FB26514B7200D568D8 /* ModifyUserViewController.h */,
				662FB4FC26514B7200D568D8 /* ModifyUserViewController.m */,
			);
			path = ViewController;
			sourceTree = "<group>";
		};
		6612F16B2647D0BF006ED45C /* ViewController */ = {
			isa = PBXGroup;
			children = (
				662FB4EF264FE46A00D568D8 /* JoinLedgerViewController.h */,
				662FB4F0264FE46A00D568D8 /* JoinLedgerViewController.m */,
				662FB4F2264FF2A300D568D8 /* AddBillViewController.h */,
				662FB4F3264FF2A300D568D8 /* AddBillViewController.m */,
				662FB4F52651059400D568D8 /* ShowBillViewController.h */,
				662FB4F62651059400D568D8 /* ShowBillViewController.m */,
				662FB4F8265139AB00D568D8 /* FindBillViewController.h */,
				662FB4F9265139AB00D568D8 /* FindBillViewController.m */,
			);
			path = ViewController;
			sourceTree = "<group>";
		};
		662FB4FE26525C9500D568D8 /* PropertyModule */ = {
			isa = PBXGroup;
			children = (
				662FB50226528CA200D568D8 /* ViewController */,
				662FB4FF26525CD100D568D8 /* PropertyViewController.h */,
				662FB50026525CD100D568D8 /* PropertyViewController.m */,
			);
			path = PropertyModule;
			sourceTree = "<group>";
		};
		662FB50226528CA200D568D8 /* ViewController */ = {
			isa = PBXGroup;
			children = (
			);
			path = ViewController;
			sourceTree = "<group>";
		};
		667970312609BBF700EA4D13 /* KeepAccountsModule */ = {
			isa = PBXGroup;
			children = (
				6612F16B2647D0BF006ED45C /* ViewController */,
				6612F153263F0B44006ED45C /* Cell */,
				6679703D2609C05D00EA4D13 /* KeepAccountsViewController.h */,
				6679703E2609C05D00EA4D13 /* KeepAccountsViewController.m */,
			);
			path = KeepAccountsModule;
			sourceTree = "<group>";
		};
		66797043260DDBF400EA4D13 /* Model */ = {
			isa = PBXGroup;
			children = (
				66797044260DDC4F00EA4D13 /* Bill.h */,
				66797045260DDC4F00EA4D13 /* Bill.m */,
				6679704D261EDC9100EA4D13 /* BillGroup.h */,
				6679704E261EDC9100EA4D13 /* BillGroup.m */,
				6612F15B2646B59A006ED45C /* User.h */,
				6612F15C2646B59A006ED45C /* User.m */,
			);
			path = Model;
			sourceTree = "<group>";
		};
		66797053261EE8AC00EA4D13 /* Utils */ = {
			isa = PBXGroup;
			children = (
				66797054261EE8E000EA4D13 /* TimeGetter.h */,
				66797055261EE8E000EA4D13 /* TimeGetter.m */,
				6612F15426417ECE006ED45C /* DataArrayGetter.h */,
				6612F15526417ECE006ED45C /* DataArrayGetter.m */,
				6612F1582646B3E0006ED45C /* LTKAContext.h */,
				6612F1592646B3E0006ED45C /* LTKAContext.m */,
				6612F1602646EA83006ED45C /* HttpService.h */,
				6612F1612646EA83006ED45C /* HttpService.m */,
			);
			path = Utils;
			sourceTree = "<group>";
		};
		66D40C672603057F00FC76E2 = {
			isa = PBXGroup;
			children = (
				66D40C722603057F00FC76E2 /* LTKA_iOS */,
				66D40C8E2603058100FC76E2 /* LTKA_iOSTests */,
				66D40C992603058100FC76E2 /* LTKA_iOSUITests */,
				66D40C712603057F00FC76E2 /* Products */,
				ABD92E466330785801D28E8F /* Pods */,
				2F4ADF7405E284F37F7B0AB2 /* Frameworks */,
			);
			sourceTree = "<group>";
		};
		66D40C712603057F00FC76E2 /* Products */ = {
			isa = PBXGroup;
			children = (
				66D40C702603057F00FC76E2 /* LTKA_iOS.app */,
				66D40C8B2603058100FC76E2 /* LTKA_iOSTests.xctest */,
				66D40C962603058100FC76E2 /* LTKA_iOSUITests.xctest */,
			);
			name = Products;
			sourceTree = "<group>";
		};
		66D40C722603057F00FC76E2 /* LTKA_iOS */ = {
			isa = PBXGroup;
			children = (
				662FB4FE26525C9500D568D8 /* PropertyModule */,
				66797043260DDBF400EA4D13 /* Model */,
				6612F15E2646DBA4006ED45C /* MineModule */,
				66797053261EE8AC00EA4D13 /* Utils */,
				667970312609BBF700EA4D13 /* KeepAccountsModule */,
				66D40C732603057F00FC76E2 /* AppDelegate.h */,
				66D40C742603057F00FC76E2 /* AppDelegate.m */,
				66D40C762603057F00FC76E2 /* SceneDelegate.h */,
				66D40C772603057F00FC76E2 /* SceneDelegate.m */,
				66D40C792603057F00FC76E2 /* ViewController.h */,
				66D40C7A2603057F00FC76E2 /* ViewController.m */,
				66D40C7C2603057F00FC76E2 /* Main.storyboard */,
				66D40C7F2603058100FC76E2 /* Assets.xcassets */,
				66D40C812603058100FC76E2 /* LaunchScreen.storyboard */,
				66D40C842603058100FC76E2 /* Info.plist */,
				66D40C852603058100FC76E2 /* main.m */,
			);
			path = LTKA_iOS;
			sourceTree = "<group>";
		};
		66D40C8E2603058100FC76E2 /* LTKA_iOSTests */ = {
			isa = PBXGroup;
			children = (
				66D40C8F2603058100FC76E2 /* LTKA_iOSTests.m */,
				66D40C912603058100FC76E2 /* Info.plist */,
			);
			path = LTKA_iOSTests;
			sourceTree = "<group>";
		};
		66D40C992603058100FC76E2 /* LTKA_iOSUITests */ = {
			isa = PBXGroup;
			children = (
				66D40C9A2603058100FC76E2 /* LTKA_iOSUITests.m */,
				66D40C9C2603058100FC76E2 /* Info.plist */,
			);
			path = LTKA_iOSUITests;
			sourceTree = "<group>";
		};
		ABD92E466330785801D28E8F /* Pods */ = {
			isa = PBXGroup;
			children = (
				2BF54416307DB71F1D814889 /* Pods-LTKA_iOS.debug.xcconfig */,
				7F137EE9FB4DD73E1E624D9C /* Pods-LTKA_iOS.release.xcconfig */,
				4080790120F61850D0CBBFDD /* Pods-LTKA_iOS-LTKA_iOSUITests.debug.xcconfig */,
				47F858D8F590ADF23EBEB415 /* Pods-LTKA_iOS-LTKA_iOSUITests.release.xcconfig */,
				0F945D60195C322FD141C7B4 /* Pods-LTKA_iOSTests.debug.xcconfig */,
				410A4378A3272B31E25CCE79 /* Pods-LTKA_iOSTests.release.xcconfig */,
			);
			path = Pods;
			sourceTree = "<group>";
		};
/* End PBXGroup section */

/* Begin PBXNativeTarget section */
		66D40C6F2603057F00FC76E2 /* LTKA_iOS */ = {
			isa = PBXNativeTarget;
			buildConfigurationList = 66D40C9F2603058100FC76E2 /* Build configuration list for PBXNativeTarget "LTKA_iOS" */;
			buildPhases = (
				D763D4059744A4AC80D5F540 /* [CP] Check Pods Manifest.lock */,
				66D40C6C2603057F00FC76E2 /* Sources */,
				66D40C6D2603057F00FC76E2 /* Frameworks */,
				66D40C6E2603057F00FC76E2 /* Resources */,
				E9160BFF6A8BF16801990567 /* [CP] Embed Pods Frameworks */,
			);
			buildRules = (
			);
			dependencies = (
			);
			name = LTKA_iOS;
			productName = LTKA_iOS;
			productReference = 66D40C702603057F00FC76E2 /* LTKA_iOS.app */;
			productType = "com.apple.product-type.application";
		};
		66D40C8A2603058100FC76E2 /* LTKA_iOSTests */ = {
			isa = PBXNativeTarget;
			buildConfigurationList = 66D40CA22603058100FC76E2 /* Build configuration list for PBXNativeTarget "LTKA_iOSTests" */;
			buildPhases = (
				11A3B46B7DDDB4F533C34B03 /* [CP] Check Pods Manifest.lock */,
				66D40C872603058100FC76E2 /* Sources */,
				66D40C882603058100FC76E2 /* Frameworks */,
				66D40C892603058100FC76E2 /* Resources */,
			);
			buildRules = (
			);
			dependencies = (
				66D40C8D2603058100FC76E2 /* PBXTargetDependency */,
			);
			name = LTKA_iOSTests;
			productName = LTKA_iOSTests;
			productReference = 66D40C8B2603058100FC76E2 /* LTKA_iOSTests.xctest */;
			productType = "com.apple.product-type.bundle.unit-test";
		};
		66D40C952603058100FC76E2 /* LTKA_iOSUITests */ = {
			isa = PBXNativeTarget;
			buildConfigurationList = 66D40CA52603058100FC76E2 /* Build configuration list for PBXNativeTarget "LTKA_iOSUITests" */;
			buildPhases = (
				1C1AC071878C193D2E5A964B /* [CP] Check Pods Manifest.lock */,
				66D40C922603058100FC76E2 /* Sources */,
				66D40C932603058100FC76E2 /* Frameworks */,
				66D40C942603058100FC76E2 /* Resources */,
				20991C72394E75A21F314E66 /* [CP] Embed Pods Frameworks */,
			);
			buildRules = (
			);
			dependencies = (
				66D40C982603058100FC76E2 /* PBXTargetDependency */,
			);
			name = LTKA_iOSUITests;
			productName = LTKA_iOSUITests;
			productReference = 66D40C962603058100FC76E2 /* LTKA_iOSUITests.xctest */;
			productType = "com.apple.product-type.bundle.ui-testing";
		};
/* End PBXNativeTarget section */

/* Begin PBXProject section */
		66D40C682603057F00FC76E2 /* Project object */ = {
			isa = PBXProject;
			attributes = {
				LastUpgradeCheck = 1240;
				TargetAttributes = {
					66D40C6F2603057F00FC76E2 = {
						CreatedOnToolsVersion = 12.4;
					};
					66D40C8A2603058100FC76E2 = {
						CreatedOnToolsVersion = 12.4;
						TestTargetID = 66D40C6F2603057F00FC76E2;
					};
					66D40C952603058100FC76E2 = {
						CreatedOnToolsVersion = 12.4;
						TestTargetID = 66D40C6F2603057F00FC76E2;
					};
				};
			};
			buildConfigurationList = 66D40C6B2603057F00FC76E2 /* Build configuration list for PBXProject "LTKA_iOS" */;
			compatibilityVersion = "Xcode 9.3";
			developmentRegion = en;
			hasScannedForEncodings = 0;
			knownRegions = (
				en,
				Base,
			);
			mainGroup = 66D40C672603057F00FC76E2;
			productRefGroup = 66D40C712603057F00FC76E2 /* Products */;
			projectDirPath = "";
			projectRoot = "";
			targets = (
				66D40C6F2603057F00FC76E2 /* LTKA_iOS */,
				66D40C8A2603058100FC76E2 /* LTKA_iOSTests */,
				66D40C952603058100FC76E2 /* LTKA_iOSUITests */,
			);
		};
/* End PBXProject section */

/* Begin PBXResourcesBuildPhase section */
		66D40C6E2603057F00FC76E2 /* Resources */ = {
			isa = PBXResourcesBuildPhase;
			buildActionMask = 2147483647;
			files = (
				66D40C832603058100FC76E2 /* LaunchScreen.storyboard in Resources */,
				66D40C802603058100FC76E2 /* Assets.xcassets in Resources */,
				66D40C7E2603057F00FC76E2 /* Main.storyboard in Resources */,
			);
			runOnlyForDeploymentPostprocessing = 0;
		};
		66D40C892603058100FC76E2 /* Resources */ = {
			isa = PBXResourcesBuildPhase;
			buildActionMask = 2147483647;
			files = (
			);
			runOnlyForDeploymentPostprocessing = 0;
		};
		66D40C942603058100FC76E2 /* Resources */ = {
			isa = PBXResourcesBuildPhase;
			buildActionMask = 2147483647;
			files = (
			);
			runOnlyForDeploymentPostprocessing = 0;
		};
/* End PBXResourcesBuildPhase section */

/* Begin PBXShellScriptBuildPhase section */
		11A3B46B7DDDB4F533C34B03 /* [CP] Check Pods Manifest.lock */ = {
			isa = PBXShellScriptBuildPhase;
			buildActionMask = 2147483647;
			files = (
			);
			inputFileListPaths = (
			);
			inputPaths = (
				"${PODS_PODFILE_DIR_PATH}/Podfile.lock",
				"${PODS_ROOT}/Manifest.lock",
			);
			name = "[CP] Check Pods Manifest.lock";
			outputFileListPaths = (
			);
			outputPaths = (
				"$(DERIVED_FILE_DIR)/Pods-LTKA_iOSTests-checkManifestLockResult.txt",
			);
			runOnlyForDeploymentPostprocessing = 0;
			shellPath = /bin/sh;
			shellScript = "diff \"${PODS_PODFILE_DIR_PATH}/Podfile.lock\" \"${PODS_ROOT}/Manifest.lock\" > /dev/null\nif [ $? != 0 ] ; then\n    # print error to STDERR\n    echo \"error: The sandbox is not in sync with the Podfile.lock. Run 'pod install' or update your CocoaPods installation.\" >&2\n    exit 1\nfi\n# This output is used by Xcode 'outputs' to avoid re-running this script phase.\necho \"SUCCESS\" > \"${SCRIPT_OUTPUT_FILE_0}\"\n";
			showEnvVarsInLog = 0;
		};
		1C1AC071878C193D2E5A964B /* [CP] Check Pods Manifest.lock */ = {
			isa = PBXShellScriptBuildPhase;
			buildActionMask = 2147483647;
			files = (
			);
			inputFileListPaths = (
			);
			inputPaths = (
				"${PODS_PODFILE_DIR_PATH}/Podfile.lock",
				"${PODS_ROOT}/Manifest.lock",
			);
			name = "[CP] Check Pods Manifest.lock";
			outputFileListPaths = (
			);
			outputPaths = (
				"$(DERIVED_FILE_DIR)/Pods-LTKA_iOS-LTKA_iOSUITests-checkManifestLockResult.txt",
			);
			runOnlyForDeploymentPostprocessing = 0;
			shellPath = /bin/sh;
			shellScript = "diff \"${PODS_PODFILE_DIR_PATH}/Podfile.lock\" \"${PODS_ROOT}/Manifest.lock\" > /dev/null\nif [ $? != 0 ] ; then\n    # print error to STDERR\n    echo \"error: The sandbox is not in sync with the Podfile.lock. Run 'pod install' or update your CocoaPods installation.\" >&2\n    exit 1\nfi\n# This output is used by Xcode 'outputs' to avoid re-running this script phase.\necho \"SUCCESS\" > \"${SCRIPT_OUTPUT_FILE_0}\"\n";
			showEnvVarsInLog = 0;
		};
		20991C72394E75A21F314E66 /* [CP] Embed Pods Frameworks */ = {
			isa = PBXShellScriptBuildPhase;
			buildActionMask = 2147483647;
			files = (
			);
			inputFileListPaths = (
				"${PODS_ROOT}/Target Support Files/Pods-LTKA_iOS-LTKA_iOSUITests/Pods-LTKA_iOS-LTKA_iOSUITests-frameworks-${CONFIGURATION}-input-files.xcfilelist",
			);
			name = "[CP] Embed Pods Frameworks";
			outputFileListPaths = (
				"${PODS_ROOT}/Target Support Files/Pods-LTKA_iOS-LTKA_iOSUITests/Pods-LTKA_iOS-LTKA_iOSUITests-frameworks-${CONFIGURATION}-output-files.xcfilelist",
			);
			runOnlyForDeploymentPostprocessing = 0;
			shellPath = /bin/sh;
			shellScript = "\"${PODS_ROOT}/Target Support Files/Pods-LTKA_iOS-LTKA_iOSUITests/Pods-LTKA_iOS-LTKA_iOSUITests-frameworks.sh\"\n";
			showEnvVarsInLog = 0;
		};
		D763D4059744A4AC80D5F540 /* [CP] Check Pods Manifest.lock */ = {
			isa = PBXShellScriptBuildPhase;
			buildActionMask = 2147483647;
			files = (
			);
			inputFileListPaths = (
			);
			inputPaths = (
				"${PODS_PODFILE_DIR_PATH}/Podfile.lock",
				"${PODS_ROOT}/Manifest.lock",
			);
			name = "[CP] Check Pods Manifest.lock";
			outputFileListPaths = (
			);
			outputPaths = (
				"$(DERIVED_FILE_DIR)/Pods-LTKA_iOS-checkManifestLockResult.txt",
			);
			runOnlyForDeploymentPostprocessing = 0;
			shellPath = /bin/sh;
			shellScript = "diff \"${PODS_PODFILE_DIR_PATH}/Podfile.lock\" \"${PODS_ROOT}/Manifest.lock\" > /dev/null\nif [ $? != 0 ] ; then\n    # print error to STDERR\n    echo \"error: The sandbox is not in sync with the Podfile.lock. Run 'pod install' or update your CocoaPods installation.\" >&2\n    exit 1\nfi\n# This output is used by Xcode 'outputs' to avoid re-running this script phase.\necho \"SUCCESS\" > \"${SCRIPT_OUTPUT_FILE_0}\"\n";
			showEnvVarsInLog = 0;
		};
		E9160BFF6A8BF16801990567 /* [CP] Embed Pods Frameworks */ = {
			isa = PBXShellScriptBuildPhase;
			buildActionMask = 2147483647;
			files = (
			);
			inputFileListPaths = (
				"${PODS_ROOT}/Target Support Files/Pods-LTKA_iOS/Pods-LTKA_iOS-frameworks-${CONFIGURATION}-input-files.xcfilelist",
			);
			name = "[CP] Embed Pods Frameworks";
			outputFileListPaths = (
				"${PODS_ROOT}/Target Support Files/Pods-LTKA_iOS/Pods-LTKA_iOS-frameworks-${CONFIGURATION}-output-files.xcfilelist",
			);
			runOnlyForDeploymentPostprocessing = 0;
			shellPath = /bin/sh;
			shellScript = "\"${PODS_ROOT}/Target Support Files/Pods-LTKA_iOS/Pods-LTKA_iOS-frameworks.sh\"\n";
			showEnvVarsInLog = 0;
		};
/* End PBXShellScriptBuildPhase section */

/* Begin PBXSourcesBuildPhase section */
		66D40C6C2603057F00FC76E2 /* Sources */ = {
			isa = PBXSourcesBuildPhase;
			buildActionMask = 2147483647;
			files = (
				6612F15626417ECE006ED45C /* DataArrayGetter.m in Sources */,
				66797046260DDC4F00EA4D13 /* Bill.m in Sources */,
				66797056261EE8E000EA4D13 /* TimeGetter.m in Sources */,
				66D40C7B2603057F00FC76E2 /* ViewController.m in Sources */,
				662FB4F72651059400D568D8 /* ShowBillViewController.m in Sources */,
				6679703F2609C05D00EA4D13 /* KeepAccountsViewController.m in Sources */,
				66D40C752603057F00FC76E2 /* AppDelegate.m in Sources */,
				662FB4FD26514B7200D568D8 /* ModifyUserViewController.m in Sources */,
				6612F1622646EA83006ED45C /* HttpService.m in Sources */,
				662FB4F1264FE46A00D568D8 /* JoinLedgerViewController.m in Sources */,
				6679704F261EDC9100EA4D13 /* BillGroup.m in Sources */,
				6612F152263F0B28006ED45C /* BillTableViewCell.m in Sources */,
				6612F15D2646B59A006ED45C /* User.m in Sources */,
				66D40C862603058100FC76E2 /* main.m in Sources */,
				6612F1672646F5CA006ED45C /* RegisterViewController.m in Sources */,
				6612F16A26470C8F006ED45C /* MineViewController.m in Sources */,
				662FB50126525CD100D568D8 /* PropertyViewController.m in Sources */,
				662FB4F4264FF2A300D568D8 /* AddBillViewController.m in Sources */,
				66D40C782603057F00FC76E2 /* SceneDelegate.m in Sources */,
				662FB4FA265139AB00D568D8 /* FindBillViewController.m in Sources */,
				6612F15A2646B3E0006ED45C /* LTKAContext.m in Sources */,
			);
			runOnlyForDeploymentPostprocessing = 0;
		};
		66D40C872603058100FC76E2 /* Sources */ = {
			isa = PBXSourcesBuildPhase;
			buildActionMask = 2147483647;
			files = (
				66D40C902603058100FC76E2 /* LTKA_iOSTests.m in Sources */,
			);
			runOnlyForDeploymentPostprocessing = 0;
		};
		66D40C922603058100FC76E2 /* Sources */ = {
			isa = PBXSourcesBuildPhase;
			buildActionMask = 2147483647;
			files = (
				66D40C9B2603058100FC76E2 /* LTKA_iOSUITests.m in Sources */,
			);
			runOnlyForDeploymentPostprocessing = 0;
		};
/* End PBXSourcesBuildPhase section */

/* Begin PBXTargetDependency section */
		66D40C8D2603058100FC76E2 /* PBXTargetDependency */ = {
			isa = PBXTargetDependency;
			target = 66D40C6F2603057F00FC76E2 /* LTKA_iOS */;
			targetProxy = 66D40C8C2603058100FC76E2 /* PBXContainerItemProxy */;
		};
		66D40C982603058100FC76E2 /* PBXTargetDependency */ = {
			isa = PBXTargetDependency;
			target = 66D40C6F2603057F00FC76E2 /* LTKA_iOS */;
			targetProxy = 66D40C972603058100FC76E2 /* PBXContainerItemProxy */;
		};
/* End PBXTargetDependency section */

/* Begin PBXVariantGroup section */
		66D40C7C2603057F00FC76E2 /* Main.storyboard */ = {
			isa = PBXVariantGroup;
			children = (
				66D40C7D2603057F00FC76E2 /* Base */,
			);
			name = Main.storyboard;
			sourceTree = "<group>";
		};
		66D40C812603058100FC76E2 /* LaunchScreen.storyboard */ = {
			isa = PBXVariantGroup;
			children = (
				66D40C822603058100FC76E2 /* Base */,
			);
			name = LaunchScreen.storyboard;
			sourceTree = "<group>";
		};
/* End PBXVariantGroup section */

/* Begin XCBuildConfiguration section */
		66D40C9D2603058100FC76E2 /* Debug */ = {
			isa = XCBuildConfiguration;
			buildSettings = {
				ALWAYS_SEARCH_USER_PATHS = NO;
				CLANG_ANALYZER_NONNULL = YES;
				CLANG_ANALYZER_NUMBER_OBJECT_CONVERSION = YES_AGGRESSIVE;
				CLANG_CXX_LANGUAGE_STANDARD = "gnu++14";
				CLANG_CXX_LIBRARY = "libc++";
				CLANG_ENABLE_MODULES = YES;
				CLANG_ENABLE_OBJC_ARC = YES;
				CLANG_ENABLE_OBJC_WEAK = YES;
				CLANG_WARN_BLOCK_CAPTURE_AUTORELEASING = YES;
				CLANG_WARN_BOOL_CONVERSION = YES;
				CLANG_WARN_COMMA = YES;
				CLANG_WARN_CONSTANT_CONVERSION = YES;
				CLANG_WARN_DEPRECATED_OBJC_IMPLEMENTATIONS = YES;
				CLANG_WARN_DIRECT_OBJC_ISA_USAGE = YES_ERROR;
				CLANG_WARN_DOCUMENTATION_COMMENTS = YES;
				CLANG_WARN_EMPTY_BODY = YES;
				CLANG_WARN_ENUM_CONVERSION = YES;
				CLANG_WARN_INFINITE_RECURSION = YES;
				CLANG_WARN_INT_CONVERSION = YES;
				CLANG_WARN_NON_LITERAL_NULL_CONVERSION = YES;
				CLANG_WARN_OBJC_IMPLICIT_RETAIN_SELF = YES;
				CLANG_WARN_OBJC_LITERAL_CONVERSION = YES;
				CLANG_WARN_OBJC_ROOT_CLASS = YES_ERROR;
				CLANG_WARN_QUOTED_INCLUDE_IN_FRAMEWORK_HEADER = YES;
				CLANG_WARN_RANGE_LOOP_ANALYSIS = YES;
				CLANG_WARN_STRICT_PROTOTYPES = YES;
				CLANG_WARN_SUSPICIOUS_MOVE = YES;
				CLANG_WARN_UNGUARDED_AVAILABILITY = YES_AGGRESSIVE;
				CLANG_WARN_UNREACHABLE_CODE = YES;
				CLANG_WARN__DUPLICATE_METHOD_MATCH = YES;
				COPY_PHASE_STRIP = NO;
				DEBUG_INFORMATION_FORMAT = dwarf;
				ENABLE_STRICT_OBJC_MSGSEND = YES;
				ENABLE_TESTABILITY = YES;
				GCC_C_LANGUAGE_STANDARD = gnu11;
				GCC_DYNAMIC_NO_PIC = NO;
				GCC_NO_COMMON_BLOCKS = YES;
				GCC_OPTIMIZATION_LEVEL = 0;
				GCC_PREPROCESSOR_DEFINITIONS = (
					"DEBUG=1",
					"$(inherited)",
				);
				GCC_WARN_64_TO_32_BIT_CONVERSION = YES;
				GCC_WARN_ABOUT_RETURN_TYPE = YES_ERROR;
				GCC_WARN_UNDECLARED_SELECTOR = YES;
				GCC_WARN_UNINITIALIZED_AUTOS = YES_AGGRESSIVE;
				GCC_WARN_UNUSED_FUNCTION = YES;
				GCC_WARN_UNUSED_VARIABLE = YES;
				IPHONEOS_DEPLOYMENT_TARGET = 14.4;
				MTL_ENABLE_DEBUG_INFO = INCLUDE_SOURCE;
				MTL_FAST_MATH = YES;
				ONLY_ACTIVE_ARCH = YES;
				SDKROOT = iphoneos;
			};
			name = Debug;
		};
		66D40C9E2603058100FC76E2 /* Release */ = {
			isa = XCBuildConfiguration;
			buildSettings = {
				ALWAYS_SEARCH_USER_PATHS = NO;
				CLANG_ANALYZER_NONNULL = YES;
				CLANG_ANALYZER_NUMBER_OBJECT_CONVERSION = YES_AGGRESSIVE;
				CLANG_CXX_LANGUAGE_STANDARD = "gnu++14";
				CLANG_CXX_LIBRARY = "libc++";
				CLANG_ENABLE_MODULES = YES;
				CLANG_ENABLE_OBJC_ARC = YES;
				CLANG_ENABLE_OBJC_WEAK = YES;
				CLANG_WARN_BLOCK_CAPTURE_AUTORELEASING = YES;
				CLANG_WARN_BOOL_CONVERSION = YES;
				CLANG_WARN_COMMA = YES;
				CLANG_WARN_CONSTANT_CONVERSION = YES;
				CLANG_WARN_DEPRECATED_OBJC_IMPLEMENTATIONS = YES;
				CLANG_WARN_DIRECT_OBJC_ISA_USAGE = YES_ERROR;
				CLANG_WARN_DOCUMENTATION_COMMENTS = YES;
				CLANG_WARN_EMPTY_BODY = YES;
				CLANG_WARN_ENUM_CONVERSION = YES;
				CLANG_WARN_INFINITE_RECURSION = YES;
				CLANG_WARN_INT_CONVERSION = YES;
				CLANG_WARN_NON_LITERAL_NULL_CONVERSION = YES;
				CLANG_WARN_OBJC_IMPLICIT_RETAIN_SELF = YES;
				CLANG_WARN_OBJC_LITERAL_CONVERSION = YES;
				CLANG_WARN_OBJC_ROOT_CLASS = YES_ERROR;
				CLANG_WARN_QUOTED_INCLUDE_IN_FRAMEWORK_HEADER = YES;
				CLANG_WARN_RANGE_LOOP_ANALYSIS = YES;
				CLANG_WARN_STRICT_PROTOTYPES = YES;
				CLANG_WARN_SUSPICIOUS_MOVE = YES;
				CLANG_WARN_UNGUARDED_AVAILABILITY = YES_AGGRESSIVE;
				CLANG_WARN_UNREACHABLE_CODE = YES;
				CLANG_WARN__DUPLICATE_METHOD_MATCH = YES;
				COPY_PHASE_STRIP = NO;
				DEBUG_INFORMATION_FORMAT = "dwarf-with-dsym";
				ENABLE_NS_ASSERTIONS = NO;
				ENABLE_STRICT_OBJC_MSGSEND = YES;
				GCC_C_LANGUAGE_STANDARD = gnu11;
				GCC_NO_COMMON_BLOCKS = YES;
				GCC_WARN_64_TO_32_BIT_CONVERSION = YES;
				GCC_WARN_ABOUT_RETURN_TYPE = YES_ERROR;
				GCC_WARN_UNDECLARED_SELECTOR = YES;
				GCC_WARN_UNINITIALIZED_AUTOS = YES_AGGRESSIVE;
				GCC_WARN_UNUSED_FUNCTION = YES;
				GCC_WARN_UNUSED_VARIABLE = YES;
				IPHONEOS_DEPLOYMENT_TARGET = 14.4;
				MTL_ENABLE_DEBUG_INFO = NO;
				MTL_FAST_MATH = YES;
				SDKROOT = iphoneos;
				VALIDATE_PRODUCT = YES;
			};
			name = Release;
		};
		66D40CA02603058100FC76E2 /* Debug */ = {
			isa = XCBuildConfiguration;
			baseConfigurationReference = 2BF54416307DB71F1D814889 /* Pods-LTKA_iOS.debug.xcconfig */;
			buildSettings = {
				ASSETCATALOG_COMPILER_APPICON_NAME = AppIcon;
				ASSETCATALOG_COMPILER_GLOBAL_ACCENT_COLOR_NAME = AccentColor;
				CODE_SIGN_STYLE = Automatic;
				INFOPLIST_FILE = LTKA_iOS/Info.plist;
				LD_RUNPATH_SEARCH_PATHS = (
					"$(inherited)",
					"@executable_path/Frameworks",
				);
				PRODUCT_BUNDLE_IDENTIFIER = "hql.LTKA-iOS";
				PRODUCT_NAME = "$(TARGET_NAME)";
				TARGETED_DEVICE_FAMILY = "1,2";
			};
			name = Debug;
		};
		66D40CA12603058100FC76E2 /* Release */ = {
			isa = XCBuildConfiguration;
			baseConfigurationReference = 7F137EE9FB4DD73E1E624D9C /* Pods-LTKA_iOS.release.xcconfig */;
			buildSettings = {
				ASSETCATALOG_COMPILER_APPICON_NAME = AppIcon;
				ASSETCATALOG_COMPILER_GLOBAL_ACCENT_COLOR_NAME = AccentColor;
				CODE_SIGN_STYLE = Automatic;
				INFOPLIST_FILE = LTKA_iOS/Info.plist;
				LD_RUNPATH_SEARCH_PATHS = (
					"$(inherited)",
					"@executable_path/Frameworks",
				);
				PRODUCT_BUNDLE_IDENTIFIER = "hql.LTKA-iOS";
				PRODUCT_NAME = "$(TARGET_NAME)";
				TARGETED_DEVICE_FAMILY = "1,2";
			};
			name = Release;
		};
		66D40CA32603058100FC76E2 /* Debug */ = {
			isa = XCBuildConfiguration;
			baseConfigurationReference = 0F945D60195C322FD141C7B4 /* Pods-LTKA_iOSTests.debug.xcconfig */;
			buildSettings = {
				BUNDLE_LOADER = "$(TEST_HOST)";
				CODE_SIGN_STYLE = Automatic;
				INFOPLIST_FILE = LTKA_iOSTests/Info.plist;
				IPHONEOS_DEPLOYMENT_TARGET = 14.4;
				LD_RUNPATH_SEARCH_PATHS = (
					"$(inherited)",
					"@executable_path/Frameworks",
					"@loader_path/Frameworks",
				);
				PRODUCT_BUNDLE_IDENTIFIER = "hql.LTKA-iOSTests";
				PRODUCT_NAME = "$(TARGET_NAME)";
				TARGETED_DEVICE_FAMILY = "1,2";
				TEST_HOST = "$(BUILT_PRODUCTS_DIR)/LTKA_iOS.app/LTKA_iOS";
			};
			name = Debug;
		};
		66D40CA42603058100FC76E2 /* Release */ = {
			isa = XCBuildConfiguration;
			baseConfigurationReference = 410A4378A3272B31E25CCE79 /* Pods-LTKA_iOSTests.release.xcconfig */;
			buildSettings = {
				BUNDLE_LOADER = "$(TEST_HOST)";
				CODE_SIGN_STYLE = Automatic;
				INFOPLIST_FILE = LTKA_iOSTests/Info.plist;
				IPHONEOS_DEPLOYMENT_TARGET = 14.4;
				LD_RUNPATH_SEARCH_PATHS = (
					"$(inherited)",
					"@executable_path/Frameworks",
					"@loader_path/Frameworks",
				);
				PRODUCT_BUNDLE_IDENTIFIER = "hql.LTKA-iOSTests";
				PRODUCT_NAME = "$(TARGET_NAME)";
				TARGETED_DEVICE_FAMILY = "1,2";
				TEST_HOST = "$(BUILT_PRODUCTS_DIR)/LTKA_iOS.app/LTKA_iOS";
			};
			name = Release;
		};
		66D40CA62603058100FC76E2 /* Debug */ = {
			isa = XCBuildConfiguration;
			baseConfigurationReference = 4080790120F61850D0CBBFDD /* Pods-LTKA_iOS-LTKA_iOSUITests.debug.xcconfig */;
			buildSettings = {
				CODE_SIGN_STYLE = Automatic;
				INFOPLIST_FILE = LTKA_iOSUITests/Info.plist;
				LD_RUNPATH_SEARCH_PATHS = (
					"$(inherited)",
					"@executable_path/Frameworks",
					"@loader_path/Frameworks",
				);
				PRODUCT_BUNDLE_IDENTIFIER = "hql.LTKA-iOSUITests";
				PRODUCT_NAME = "$(TARGET_NAME)";
				TARGETED_DEVICE_FAMILY = "1,2";
				TEST_TARGET_NAME = LTKA_iOS;
			};
			name = Debug;
		};
		66D40CA72603058100FC76E2 /* Release */ = {
			isa = XCBuildConfiguration;
			baseConfigurationReference = 47F858D8F590ADF23EBEB415 /* Pods-LTKA_iOS-LTKA_iOSUITests.release.xcconfig */;
			buildSettings = {
				CODE_SIGN_STYLE = Automatic;
				INFOPLIST_FILE = LTKA_iOSUITests/Info.plist;
				LD_RUNPATH_SEARCH_PATHS = (
					"$(inherited)",
					"@executable_path/Frameworks",
					"@loader_path/Frameworks",
				);
				PRODUCT_BUNDLE_IDENTIFIER = "hql.LTKA-iOSUITests";
				PRODUCT_NAME = "$(TARGET_NAME)";
				TARGETED_DEVICE_FAMILY = "1,2";
				TEST_TARGET_NAME = LTKA_iOS;
			};
			name = Release;
		};
/* End XCBuildConfiguration section */

/* Begin XCConfigurationList section */
		66D40C6B2603057F00FC76E2 /* Build configuration list for PBXProject "LTKA_iOS" */ = {
			isa = XCConfigurationList;
			buildConfigurations = (
				66D40C9D2603058100FC76E2 /* Debug */,
				66D40C9E2603058100FC76E2 /* Release */,
			);
			defaultConfigurationIsVisible = 0;
			defaultConfigurationName = Release;
		};
		66D40C9F2603058100FC76E2 /* Build configuration list for PBXNativeTarget "LTKA_iOS" */ = {
			isa = XCConfigurationList;
			buildConfigurations = (
				66D40CA02603058100FC76E2 /* Debug */,
				66D40CA12603058100FC76E2 /* Release */,
			);
			defaultConfigurationIsVisible = 0;
			defaultConfigurationName = Release;
		};
		66D40CA22603058100FC76E2 /* Build configuration list for PBXNativeTarget "LTKA_iOSTests" */ = {
			isa = XCConfigurationList;
			buildConfigurations = (
				66D40CA32603058100FC76E2 /* Debug */,
				66D40CA42603058100FC76E2 /* Release */,
			);
			defaultConfigurationIsVisible = 0;
			defaultConfigurationName = Release;
		};
		66D40CA52603058100FC76E2 /* Build configuration list for PBXNativeTarget "LTKA_iOSUITests" */ = {
			isa = XCConfigurationList;
			buildConfigurations = (
				66D40CA62603058100FC76E2 /* Debug */,
				66D40CA72603058100FC76E2 /* Release */,
			);
			defaultConfigurationIsVisible = 0;
			defaultConfigurationName = Release;
		};
/* End XCConfigurationList section */
	};
	rootObject = 66D40C682603057F00FC76E2 /* Project object */;
}
