PODS:
  - AFNetworking (4.0.1):
    - AFNetworking/NSURLSession (= 4.0.1)
    - AFNetworking/Reachability (= 4.0.1)
    - AFNetworking/Security (= 4.0.1)
    - AFNetworking/Serialization (= 4.0.1)
    - AFNetworking/UIKit (= 4.0.1)
  - AFNetworking/NSURLSession (4.0.1):
    - AFNetworking/Reachability
    - AFNetworking/Security
    - AFNetworking/Serialization
  - AFNetworking/Reachability (4.0.1)
  - AFNetworking/Security (4.0.1)
  - AFNetworking/Serialization (4.0.1)
  - AFNetworking/UIKit (4.0.1):
    - AFNetworking/NSURLSession
  - Masonry (1.1.0)
  - SDWebImage (5.10.4):
    - SDWebImage/Core (= 5.10.4)
  - SDWebImage/Core (5.10.4)
  - VHBoomMenuButton/ObjC (2.0.0)
  - WHToast (0.0.8)

DEPENDENCIES:
  - AFNetworking (~> 4.0)
  - Masonry
  - SDWebImage (~> 5.0)
  - VHBoomMenuButton/ObjC
  - WHToast (~> 0.0.8)

SPEC REPOS:
  trunk:
    - AFNetworking
    - Masonry
    - SDWebImage
    - VHBoomMenuButton
    - WHToast

SPEC CHECKSUMS:
  AFNetworking: 7864c38297c79aaca1500c33288e429c3451fdce
  Masonry: 678fab65091a9290e40e2832a55e7ab731aad201
  SDWebImage: c666b97e1fa9c64b4909816a903322018f0a9c84
  VHBoomMenuButton: 77a7ae6742220b57b54eec28183fc123a3dd98ed
  WHToast: 5da5bb80bdd1fea9455d4215577d9c5be2c506b8

PODFILE CHECKSUM: fa8a67ea6b2c63d75fa6d0183d4ed9b59437f950

COCOAPODS: 1.10.1
